
Microsoft Visual Studio Solution File, Format Version 12.00
# Visual Studio 2012
Project("{D954291E-2A0B-460D-934E-DC6B0785DB48}") = "FormsApp", "FormsApp\FormsApp.shproj", "{9F2AA7E9-BE8F-4181-8C4D-4B7AC5D80250}"
EndProject
Project("{FAE04EC0-301F-11D3-BF4B-00C04F79EFBC}") = "FormsApp.iOS", "iOS\FormsApp.iOS.csproj", "{9693A1BC-9A63-4114-A347-99B4766687E2}"
EndProject
Project("{FAE04EC0-301F-11D3-BF4B-00C04F79EFBC}") = "FormsApp.Droid", "Droid\FormsApp.Droid.csproj", "{CD2E3498-4AF5-46D5-A8CE-A69467C4FD39}"
EndProject
Global
	GlobalSection(SolutionConfigurationPlatforms) = preSolution
		Debug|iPhoneSimulator = Debug|iPhoneSimulator
		Release|iPhone = Release|iPhone
		Release|iPhoneSimulator = Release|iPhoneSimulator
		Debug|iPhone = Debug|iPhone
		Debug|Any CPU = Debug|Any CPU
		Release|Any CPU = Release|Any CPU
	EndGlobalSection
	GlobalSection(ProjectConfigurationPlatforms) = postSolution
		{9693A1BC-9A63-4114-A347-99B4766687E2}.Debug|iPhoneSimulator.ActiveCfg = Debug|iPhoneSimulator
		{9693A1BC-9A63-4114-A347-99B4766687E2}.Debug|iPhoneSimulator.Build.0 = Debug|iPhoneSimulator
		{9693A1BC-9A63-4114-A347-99B4766687E2}.Release|iPhone.ActiveCfg = Release|iPhone
		{9693A1BC-9A63-4114-A347-99B4766687E2}.Release|iPhone.Build.0 = Release|iPhone
		{9693A1BC-9A63-4114-A347-99B4766687E2}.Release|iPhoneSimulator.ActiveCfg = Release|iPhoneSimulator
		{9693A1BC-9A63-4114-A347-99B4766687E2}.Release|iPhoneSimulator.Build.0 = Release|iPhoneSimulator
		{9693A1BC-9A63-4114-A347-99B4766687E2}.Debug|iPhone.ActiveCfg = Debug|iPhone
		{9693A1BC-9A63-4114-A347-99B4766687E2}.Debug|iPhone.Build.0 = Debug|iPhone
		{9693A1BC-9A63-4114-A347-99B4766687E2}.Debug|Any CPU.ActiveCfg = Debug|iPhoneSimulator
		{9693A1BC-9A63-4114-A347-99B4766687E2}.Debug|Any CPU.Build.0 = Debug|iPhoneSimulator
		{9693A1BC-9A63-4114-A347-99B4766687E2}.Release|Any CPU.ActiveCfg = Release|iPhone
		{9693A1BC-9A63-4114-A347-99B4766687E2}.Release|Any CPU.Build.0 = Release|iPhone
		{CD2E3498-4AF5-46D5-A8CE-A69467C4FD39}.Debug|iPhoneSimulator.ActiveCfg = Debug|Any CPU
		{CD2E3498-4AF5-46D5-A8CE-A69467C4FD39}.Debug|iPhoneSimulator.Build.0 = Debug|Any CPU
		{CD2E3498-4AF5-46D5-A8CE-A69467C4FD39}.Release|iPhone.ActiveCfg = Release|Any CPU
		{CD2E3498-4AF5-46D5-A8CE-A69467C4FD39}.Release|iPhone.Build.0 = Release|Any CPU
		{CD2E3498-4AF5-46D5-A8CE-A69467C4FD39}.Release|iPhoneSimulator.ActiveCfg = Release|Any CPU
		{CD2E3498-4AF5-46D5-A8CE-A69467C4FD39}.Release|iPhoneSimulator.Build.0 = Release|Any CPU
		{CD2E3498-4AF5-46D5-A8CE-A69467C4FD39}.Debug|iPhone.ActiveCfg = Debug|Any CPU
		{CD2E3498-4AF5-46D5-A8CE-A69467C4FD39}.Debug|iPhone.Build.0 = Debug|Any CPU
		{CD2E3498-4AF5-46D5-A8CE-A69467C4FD39}.Debug|Any CPU.ActiveCfg = Debug|Any CPU
		{CD2E3498-4AF5-46D5-A8CE-A69467C4FD39}.Debug|Any CPU.Build.0 = Debug|Any CPU
		{CD2E3498-4AF5-46D5-A8CE-A69467C4FD39}.Release|Any CPU.ActiveCfg = Release|Any CPU
		{CD2E3498-4AF5-46D5-A8CE-A69467C4FD39}.Release|Any CPU.Build.0 = Release|Any CPU
	EndGlobalSection
EndGlobal
